// !$*UTF8*$!
{
	archiveVersion = 1;
	classes = {
	};
	objectVersion = 77;
	objects = {

/* Begin PBXBuildFile section */
		B637CA572F5084B9001EA229 /* Storage.swift in Sources */ = {isa = PBXBuildFile; fileRef = B637CA552F5084B9001EA229 /* Storage.swift */; };
		B637CA582F5084B9001EA229 /* ContentView.swift in Sources */ = {isa = PBXBuildFile; fileRef = B637CA492F5084B9001EA229 /* ContentView.swift */; };
		B637CA592F5084B9001EA229 /* AppDelegate.swift in Sources */ = {isa = PBXBuildFile; fileRef = B637CA4E2F5084B9001EA229 /* AppDelegate.swift */; };
		B637CA5A2F5084B9001EA229 /* AppKitTextControls.swift in Sources */ = {isa = PBXBuildFile; fileRef = B637CA462F5084B9001EA229 /* AppKitTextControls.swift */; };
		B637CA5B2F5084B9001EA229 /* Models.swift in Sources */ = {isa = PBXBuildFile; fileRef = B637CA532F5084B9001EA229 /* Models.swift */; };
		B637CA5C2F5084B9001EA229 /* SettingsView.swift in Sources */ = {isa = PBXBuildFile; fileRef = B637CA4A2F5084B9001EA229 /* SettingsView.swift */; };
		B637CA5D2F5084B9001EA229 /* SidebarView.swift in Sources */ = {isa = PBXBuildFile; fileRef = B637CA4B2F5084B9001EA229 /* SidebarView.swift */; };
		B637CA5E2F5084B9001EA229 /* AttachmentBuilder.swift in Sources */ = {isa = PBXBuildFile; fileRef = B637CA502F5084B9001EA229 /* AttachmentBuilder.swift */; };
		B637CA5F2F5084B9001EA229 /* WindowFocusFixView.swift in Sources */ = {isa = PBXBuildFile; fileRef = B637CA4C2F5084B9001EA229 /* WindowFocusFixView.swift */; };
		B637CA602F5084B9001EA229 /* ChatDetailView.swift in Sources */ = {isa = PBXBuildFile; fileRef = B637CA472F5084B9001EA229 /* ChatDetailView.swift */; };
		B637CA612F5084B9001EA229 /* KeychainStore.swift in Sources */ = {isa = PBXBuildFile; fileRef = B637CA522F5084B9001EA229 /* KeychainStore.swift */; };
		B637CA622F5084B9001EA229 /* OpenAIClient.swift in Sources */ = {isa = PBXBuildFile; fileRef = B637CA542F5084B9001EA229 /* OpenAIClient.swift */; };
		B637CA632F5084B9001EA229 /* AppState.swift in Sources */ = {isa = PBXBuildFile; fileRef = B637CA4F2F5084B9001EA229 /* AppState.swift */; };
		B637CA642F5084B9001EA229 /* ChatSettingsView.swift in Sources */ = {isa = PBXBuildFile; fileRef = B637CA482F5084B9001EA229 /* ChatSettingsView.swift */; };
		B637CA652F5084B9001EA229 /* ChatGPTMacApp.swift in Sources */ = {isa = PBXBuildFile; fileRef = B637CA512F5084B9001EA229 /* ChatGPTMacApp.swift */; };
/* End PBXBuildFile section */

/* Begin PBXFileReference section */
		B637CA382F5083D2001EA229 /* ChatGPTMac.app */ = {isa = PBXFileReference; explicitFileType = wrapper.application; includeInIndex = 0; path = ChatGPTMac.app; sourceTree = BUILT_PRODUCTS_DIR; };
		B637CA462F5084B9001EA229 /* AppKitTextControls.swift */ = {isa = PBXFileReference; lastKnownFileType = sourcecode.swift; path = AppKitTextControls.swift; sourceTree = "<group>"; };
		B637CA472F5084B9001EA229 /* ChatDetailView.swift */ = {isa = PBXFileReference; lastKnownFileType = sourcecode.swift; path = ChatDetailView.swift; sourceTree = "<group>"; };
		B637CA482F5084B9001EA229 /* ChatSettingsView.swift */ = {isa = PBXFileReference; lastKnownFileType = sourcecode.swift; path = ChatSettingsView.swift; sourceTree = "<group>"; };
		B637CA492F5084B9001EA229 /* ContentView.swift */ = {isa = PBXFileReference; lastKnownFileType = sourcecode.swift; path = ContentView.swift; sourceTree = "<group>"; };
		B637CA4A2F5084B9001EA229 /* SettingsView.swift */ = {isa = PBXFileReference; lastKnownFileType = sourcecode.swift; path = SettingsView.swift; sourceTree = "<group>"; };
		B637CA4B2F5084B9001EA229 /* SidebarView.swift */ = {isa = PBXFileReference; lastKnownFileType = sourcecode.swift; path = SidebarView.swift; sourceTree = "<group>"; };
		B637CA4C2F5084B9001EA229 /* WindowFocusFixView.swift */ = {isa = PBXFileReference; lastKnownFileType = sourcecode.swift; path = WindowFocusFixView.swift; sourceTree = "<group>"; };
		B637CA4E2F5084B9001EA229 /* AppDelegate.swift */ = {isa = PBXFileReference; lastKnownFileType = sourcecode.swift; path = AppDelegate.swift; sourceTree = "<group>"; };
		B637CA4F2F5084B9001EA229 /* AppState.swift */ = {isa = PBXFileReference; lastKnownFileType = sourcecode.swift; path = AppState.swift; sourceTree = "<group>"; };
		B637CA502F5084B9001EA229 /* AttachmentBuilder.swift */ = {isa = PBXFileReference; lastKnownFileType = sourcecode.swift; path = AttachmentBuilder.swift; sourceTree = "<group>"; };
		B637CA512F5084B9001EA229 /* ChatGPTMacApp.swift */ = {isa = PBXFileReference; lastKnownFileType = sourcecode.swift; path = ChatGPTMacApp.swift; sourceTree = "<group>"; };
		B637CA522F5084B9001EA229 /* KeychainStore.swift */ = {isa = PBXFileReference; lastKnownFileType = sourcecode.swift; path = KeychainStore.swift; sourceTree = "<group>"; };
		B637CA532F5084B9001EA229 /* Models.swift */ = {isa = PBXFileReference; lastKnownFileType = sourcecode.swift; path = Models.swift; sourceTree = "<group>"; };
		B637CA542F5084B9001EA229 /* OpenAIClient.swift */ = {isa = PBXFileReference; lastKnownFileType = sourcecode.swift; path = OpenAIClient.swift; sourceTree = "<group>"; };
		B637CA552F5084B9001EA229 /* Storage.swift */ = {isa = PBXFileReference; lastKnownFileType = sourcecode.swift; path = Storage.swift; sourceTree = "<group>"; };
/* End PBXFileReference section */

/* Begin PBXFileSystemSynchronizedRootGroup section */
		B637CA3A2F5083D2001EA229 /* ChatGPTMac */ = {
			isa = PBXFileSystemSynchronizedRootGroup;
			path = ChatGPTMac;
			sourceTree = "<group>";
		};
/* End PBXFileSystemSynchronizedRootGroup section */

/* Begin PBXFrameworksBuildPhase section */
		B637CA352F5083D2001EA229 /* Frameworks */ = {
			isa = PBXFrameworksBuildPhase;
			buildActionMask = 2147483647;
			files = (
			);
			runOnlyForDeploymentPostprocessing = 0;
		};
/* End PBXFrameworksBuildPhase section */

/* Begin PBXGroup section */
		B637CA2F2F5083D2001EA229 = {
			isa = PBXGroup;
			children = (
				B637CA3A2F5083D2001EA229 /* ChatGPTMac */,
				B637CA392F5083D2001EA229 /* Products */,
				B637CA562F5084B9001EA229 /* ChatGPTMac 2 */,
			);
			sourceTree = "<group>";
		};
		B637CA392F5083D2001EA229 /* Products */ = {
			isa = PBXGroup;
			children = (
				B637CA382F5083D2001EA229 /* ChatGPTMac.app */,
			);
			name = Products;
			sourceTree = "<group>";
		};
		B637CA4D2F5084B9001EA229 /* Views */ = {
			isa = PBXGroup;
			children = (
				B637CA462F5084B9001EA229 /* AppKitTextControls.swift */,
				B637CA472F5084B9001EA229 /* ChatDetailView.swift */,
				B637CA482F5084B9001EA229 /* ChatSettingsView.swift */,
				B637CA492F5084B9001EA229 /* ContentView.swift */,
				B637CA4A2F5084B9001EA229 /* SettingsView.swift */,
				B637CA4B2F5084B9001EA229 /* SidebarView.swift */,
				B637CA4C2F5084B9001EA229 /* WindowFocusFixView.swift */,
			);
			path = Views;
			sourceTree = "<group>";
		};
		B637CA562F5084B9001EA229 /* ChatGPTMac 2 */ = {
			isa = PBXGroup;
			children = (
				B637CA4D2F5084B9001EA229 /* Views */,
				B637CA4E2F5084B9001EA229 /* AppDelegate.swift */,
				B637CA4F2F5084B9001EA229 /* AppState.swift */,
				B637CA502F5084B9001EA229 /* AttachmentBuilder.swift */,
				B637CA512F5084B9001EA229 /* ChatGPTMacApp.swift */,
				B637CA522F5084B9001EA229 /* KeychainStore.swift */,
				B637CA532F5084B9001EA229 /* Models.swift */,
				B637CA542F5084B9001EA229 /* OpenAIClient.swift */,
				B637CA552F5084B9001EA229 /* Storage.swift */,
			);
			path = "ChatGPTMac 2";
			sourceTree = "<group>";
		};
/* End PBXGroup section */

/* Begin PBXNativeTarget section */
		B637CA372F5083D2001EA229 /* ChatGPTMac */ = {
			isa = PBXNativeTarget;
			buildConfigurationList = B637CA432F5083D4001EA229 /* Build configuration list for PBXNativeTarget "ChatGPTMac" */;
			buildPhases = (
				B637CA342F5083D2001EA229 /* Sources */,
				B637CA352F5083D2001EA229 /* Frameworks */,
				B637CA362F5083D2001EA229 /* Resources */,
			);
			buildRules = (
			);
			dependencies = (
			);
			fileSystemSynchronizedGroups = (
				B637CA3A2F5083D2001EA229 /* ChatGPTMac */,
			);
			name = ChatGPTMac;
			packageProductDependencies = (
			);
			productName = ChatGPTMac;
			productReference = B637CA382F5083D2001EA229 /* ChatGPTMac.app */;
			productType = "com.apple.product-type.application";
		};
/* End PBXNativeTarget section */

/* Begin PBXProject section */
		B637CA302F5083D2001EA229 /* Project object */ = {
			isa = PBXProject;
			attributes = {
				BuildIndependentTargetsInParallel = 1;
				LastSwiftUpdateCheck = 2620;
				LastUpgradeCheck = 2620;
				TargetAttributes = {
					B637CA372F5083D2001EA229 = {
						CreatedOnToolsVersion = 26.2;
					};
				};
			};
			buildConfigurationList = B637CA332F5083D2001EA229 /* Build configuration list for PBXProject "ChatGPTMac" */;
			developmentRegion = en;
			hasScannedForEncodings = 0;
			knownRegions = (
				en,
				Base,
			);
			mainGroup = B637CA2F2F5083D2001EA229;
			minimizedProjectReferenceProxies = 1;
			preferredProjectObjectVersion = 77;
			productRefGroup = B637CA392F5083D2001EA229 /* Products */;
			projectDirPath = "";
			projectRoot = "";
			targets = (
				B637CA372F5083D2001EA229 /* ChatGPTMac */,
			);
		};
/* End PBXProject section */

/* Begin PBXResourcesBuildPhase section */
		B637CA362F5083D2001EA229 /* Resources */ = {
			isa = PBXResourcesBuildPhase;
			buildActionMask = 2147483647;
			files = (
			);
			runOnlyForDeploymentPostprocessing = 0;
		};
/* End PBXResourcesBuildPhase section */

/* Begin PBXSourcesBuildPhase section */
		B637CA342F5083D2001EA229 /* Sources */ = {
			isa = PBXSourcesBuildPhase;
			buildActionMask = 2147483647;
			files = (
				B637CA572F5084B9001EA229 /* Storage.swift in Sources */,
				B637CA582F5084B9001EA229 /* ContentView.swift in Sources */,
				B637CA592F5084B9001EA229 /* AppDelegate.swift in Sources */,
				B637CA5A2F5084B9001EA229 /* AppKitTextControls.swift in Sources */,
				B637CA5B2F5084B9001EA229 /* Models.swift in Sources */,
				B637CA5C2F5084B9001EA229 /* SettingsView.swift in Sources */,
				B637CA5D2F5084B9001EA229 /* SidebarView.swift in Sources */,
				B637CA5E2F5084B9001EA229 /* AttachmentBuilder.swift in Sources */,
				B637CA5F2F5084B9001EA229 /* WindowFocusFixView.swift in Sources */,
				B637CA602F5084B9001EA229 /* ChatDetailView.swift in Sources */,
				B637CA612F5084B9001EA229 /* KeychainStore.swift in Sources */,
				B637CA622F5084B9001EA229 /* OpenAIClient.swift in Sources */,
				B637CA632F5084B9001EA229 /* AppState.swift in Sources */,
				B637CA642F5084B9001EA229 /* ChatSettingsView.swift in Sources */,
				B637CA652F5084B9001EA229 /* ChatGPTMacApp.swift in Sources */,
			);
			runOnlyForDeploymentPostprocessing = 0;
		};
/* End PBXSourcesBuildPhase section */

/* Begin XCBuildConfiguration section */
		B637CA412F5083D4001EA229 /* Debug */ = {
			isa = XCBuildConfiguration;
			buildSettings = {
				ALWAYS_SEARCH_USER_PATHS = NO;
				ASSETCATALOG_COMPILER_GENERATE_SWIFT_ASSET_SYMBOL_EXTENSIONS = YES;
				CLANG_ANALYZER_NONNULL = YES;
				CLANG_ANALYZER_NUMBER_OBJECT_CONVERSION = YES_AGGRESSIVE;
				CLANG_CXX_LANGUAGE_STANDARD = "gnu++20";
				CLANG_ENABLE_MODULES = YES;
				CLANG_ENABLE_OBJC_ARC = YES;
				CLANG_ENABLE_OBJC_WEAK = YES;
				CLANG_WARN_BLOCK_CAPTURE_AUTORELEASING = YES;
				CLANG_WARN_BOOL_CONVERSION = YES;
				CLANG_WARN_COMMA = YES;
				CLANG_WARN_CONSTANT_CONVERSION = YES;
				CLANG_WARN_DEPRECATED_OBJC_IMPLEMENTATIONS = YES;
				CLANG_WARN_DIRECT_OBJC_ISA_USAGE = YES_ERROR;
				CLANG_WARN_DOCUMENTATION_COMMENTS = YES;
				CLANG_WARN_EMPTY_BODY = YES;
				CLANG_WARN_ENUM_CONVERSION = YES;
				CLANG_WARN_INFINITE_RECURSION = YES;
				CLANG_WARN_INT_CONVERSION = YES;
				CLANG_WARN_NON_LITERAL_NULL_CONVERSION = YES;
				CLANG_WARN_OBJC_IMPLICIT_RETAIN_SELF = YES;
				CLANG_WARN_OBJC_LITERAL_CONVERSION = YES;
				CLANG_WARN_OBJC_ROOT_CLASS = YES_ERROR;
				CLANG_WARN_QUOTED_INCLUDE_IN_FRAMEWORK_HEADER = YES;
				CLANG_WARN_RANGE_LOOP_ANALYSIS = YES;
				CLANG_WARN_STRICT_PROTOTYPES = YES;
				CLANG_WARN_SUSPICIOUS_MOVE = YES;
				CLANG_WARN_UNGUARDED_AVAILABILITY = YES_AGGRESSIVE;
				CLANG_WARN_UNREACHABLE_CODE = YES;
				CLANG_WARN__DUPLICATE_METHOD_MATCH = YES;
				COPY_PHASE_STRIP = NO;
				DEBUG_INFORMATION_FORMAT = dwarf;
				ENABLE_STRICT_OBJC_MSGSEND = YES;
				ENABLE_TESTABILITY = YES;
				ENABLE_USER_SCRIPT_SANDBOXING = YES;
				GCC_C_LANGUAGE_STANDARD = gnu17;
				GCC_DYNAMIC_NO_PIC = NO;
				GCC_NO_COMMON_BLOCKS = YES;
				GCC_OPTIMIZATION_LEVEL = 0;
				GCC_PREPROCESSOR_DEFINITIONS = (
					"DEBUG=1",
					"$(inherited)",
				);
				GCC_WARN_64_TO_32_BIT_CONVERSION = YES;
				GCC_WARN_ABOUT_RETURN_TYPE = YES_ERROR;
				GCC_WARN_UNDECLARED_SELECTOR = YES;
				GCC_WARN_UNINITIALIZED_AUTOS = YES_AGGRESSIVE;
				GCC_WARN_UNUSED_FUNCTION = YES;
				GCC_WARN_UNUSED_VARIABLE = YES;
				IPHONEOS_DEPLOYMENT_TARGET = 26.2;
				LOCALIZATION_PREFERS_STRING_CATALOGS = YES;
				MTL_ENABLE_DEBUG_INFO = INCLUDE_SOURCE;
				MTL_FAST_MATH = YES;
				ONLY_ACTIVE_ARCH = YES;
				SDKROOT = iphoneos;
				SWIFT_ACTIVE_COMPILATION_CONDITIONS = "DEBUG $(inherited)";
				SWIFT_OPTIMIZATION_LEVEL = "-Onone";
			};
			name = Debug;
		};
		B637CA422F5083D4001EA229 /* Release */ = {
			isa = XCBuildConfiguration;
			buildSettings = {
				ALWAYS_SEARCH_USER_PATHS = NO;
				ASSETCATALOG_COMPILER_GENERATE_SWIFT_ASSET_SYMBOL_EXTENSIONS = YES;
				CLANG_ANALYZER_NONNULL = YES;
				CLANG_ANALYZER_NUMBER_OBJECT_CONVERSION = YES_AGGRESSIVE;
				CLANG_CXX_LANGUAGE_STANDARD = "gnu++20";
				CLANG_ENABLE_MODULES = YES;
				CLANG_ENABLE_OBJC_ARC = YES;
				CLANG_ENABLE_OBJC_WEAK = YES;
				CLANG_WARN_BLOCK_CAPTURE_AUTORELEASING = YES;
				CLANG_WARN_BOOL_CONVERSION = YES;
				CLANG_WARN_COMMA = YES;
				CLANG_WARN_CONSTANT_CONVERSION = YES;
				CLANG_WARN_DEPRECATED_OBJC_IMPLEMENTATIONS = YES;
				CLANG_WARN_DIRECT_OBJC_ISA_USAGE = YES_ERROR;
				CLANG_WARN_DOCUMENTATION_COMMENTS = YES;
				CLANG_WARN_EMPTY_BODY = YES;
				CLANG_WARN_ENUM_CONVERSION = YES;
				CLANG_WARN_INFINITE_RECURSION = YES;
				CLANG_WARN_INT_CONVERSION = YES;
				CLANG_WARN_NON_LITERAL_NULL_CONVERSION = YES;
				CLANG_WARN_OBJC_IMPLICIT_RETAIN_SELF = YES;
				CLANG_WARN_OBJC_LITERAL_CONVERSION = YES;
				CLANG_WARN_OBJC_ROOT_CLASS = YES_ERROR;
				CLANG_WARN_QUOTED_INCLUDE_IN_FRAMEWORK_HEADER = YES;
				CLANG_WARN_RANGE_LOOP_ANALYSIS = YES;
				CLANG_WARN_STRICT_PROTOTYPES = YES;
				CLANG_WARN_SUSPICIOUS_MOVE = YES;
				CLANG_WARN_UNGUARDED_AVAILABILITY = YES_AGGRESSIVE;
				CLANG_WARN_UNREACHABLE_CODE = YES;
				CLANG_WARN__DUPLICATE_METHOD_MATCH = YES;
				COPY_PHASE_STRIP = NO;
				DEBUG_INFORMATION_FORMAT = "dwarf-with-dsym";
				ENABLE_NS_ASSERTIONS = NO;
				ENABLE_STRICT_OBJC_MSGSEND = YES;
				ENABLE_USER_SCRIPT_SANDBOXING = YES;
				GCC_C_LANGUAGE_STANDARD = gnu17;
				GCC_NO_COMMON_BLOCKS = YES;
				GCC_WARN_64_TO_32_BIT_CONVERSION = YES;
				GCC_WARN_ABOUT_RETURN_TYPE = YES_ERROR;
				GCC_WARN_UNDECLARED_SELECTOR = YES;
				GCC_WARN_UNINITIALIZED_AUTOS = YES_AGGRESSIVE;
				GCC_WARN_UNUSED_FUNCTION = YES;
				GCC_WARN_UNUSED_VARIABLE = YES;
				IPHONEOS_DEPLOYMENT_TARGET = 26.2;
				LOCALIZATION_PREFERS_STRING_CATALOGS = YES;
				MTL_ENABLE_DEBUG_INFO = NO;
				MTL_FAST_MATH = YES;
				SDKROOT = iphoneos;
				SWIFT_COMPILATION_MODE = wholemodule;
				VALIDATE_PRODUCT = YES;
			};
			name = Release;
		};
		B637CA442F5083D4001EA229 /* Debug */ = {
			isa = XCBuildConfiguration;
			buildSettings = {
				ASSETCATALOG_COMPILER_APPICON_NAME = AppIcon;
				ASSETCATALOG_COMPILER_GLOBAL_ACCENT_COLOR_NAME = AccentColor;
				CODE_SIGN_STYLE = Automatic;
				CURRENT_PROJECT_VERSION = 1;
				DEVELOPMENT_TEAM = K2HKT676WF;
				ENABLE_PREVIEWS = YES;
				GENERATE_INFOPLIST_FILE = YES;
				INFOPLIST_KEY_UIApplicationSceneManifest_Generation = YES;
				INFOPLIST_KEY_UIApplicationSupportsIndirectInputEvents = YES;
				INFOPLIST_KEY_UILaunchScreen_Generation = YES;
				INFOPLIST_KEY_UISupportedInterfaceOrientations_iPad = "UIInterfaceOrientationPortrait UIInterfaceOrientationPortraitUpsideDown UIInterfaceOrientationLandscapeLeft UIInterfaceOrientationLandscapeRight";
				INFOPLIST_KEY_UISupportedInterfaceOrientations_iPhone = "UIInterfaceOrientationPortrait UIInterfaceOrientationLandscapeLeft UIInterfaceOrientationLandscapeRight";
				LD_RUNPATH_SEARCH_PATHS = (
					"$(inherited)",
					"@executable_path/Frameworks",
				);
				MARKETING_VERSION = 1.0;
				PRODUCT_BUNDLE_IDENTIFIER = MFB.ChatGPTMac;
				PRODUCT_NAME = "$(TARGET_NAME)";
				STRING_CATALOG_GENERATE_SYMBOLS = YES;
				SWIFT_APPROACHABLE_CONCURRENCY = YES;
				SWIFT_DEFAULT_ACTOR_ISOLATION = MainActor;
				SWIFT_EMIT_LOC_STRINGS = YES;
				SWIFT_UPCOMING_FEATURE_MEMBER_IMPORT_VISIBILITY = YES;
				SWIFT_VERSION = 5.0;
				TARGETED_DEVICE_FAMILY = "1,2";
			};
			name = Debug;
		};
		B637CA452F5083D4001EA229 /* Release */ = {
			isa = XCBuildConfiguration;
			buildSettings = {
				ASSETCATALOG_COMPILER_APPICON_NAME = AppIcon;
				ASSETCATALOG_COMPILER_GLOBAL_ACCENT_COLOR_NAME = AccentColor;
				CODE_SIGN_STYLE = Automatic;
				CURRENT_PROJECT_VERSION = 1;
				DEVELOPMENT_TEAM = K2HKT676WF;
				ENABLE_PREVIEWS = YES;
				GENERATE_INFOPLIST_FILE = YES;
				INFOPLIST_KEY_UIApplicationSceneManifest_Generation = YES;
				INFOPLIST_KEY_UIApplicationSupportsIndirectInputEvents = YES;
				INFOPLIST_KEY_UILaunchScreen_Generation = YES;
				INFOPLIST_KEY_UISupportedInterfaceOrientations_iPad = "UIInterfaceOrientationPortrait UIInterfaceOrientationPortraitUpsideDown UIInterfaceOrientationLandscapeLeft UIInterfaceOrientationLandscapeRight";
				INFOPLIST_KEY_UISupportedInterfaceOrientations_iPhone = "UIInterfaceOrientationPortrait UIInterfaceOrientationLandscapeLeft UIInterfaceOrientationLandscapeRight";
				LD_RUNPATH_SEARCH_PATHS = (
					"$(inherited)",
					"@executable_path/Frameworks",
				);
				MARKETING_VERSION = 1.0;
				PRODUCT_BUNDLE_IDENTIFIER = MFB.ChatGPTMac;
				PRODUCT_NAME = "$(TARGET_NAME)";
				STRING_CATALOG_GENERATE_SYMBOLS = YES;
				SWIFT_APPROACHABLE_CONCURRENCY = YES;
				SWIFT_DEFAULT_ACTOR_ISOLATION = MainActor;
				SWIFT_EMIT_LOC_STRINGS = YES;
				SWIFT_UPCOMING_FEATURE_MEMBER_IMPORT_VISIBILITY = YES;
				SWIFT_VERSION = 5.0;
				TARGETED_DEVICE_FAMILY = "1,2";
			};
			name = Release;
		};
/* End XCBuildConfiguration section */

/* Begin XCConfigurationList section */
		B637CA332F5083D2001EA229 /* Build configuration list for PBXProject "ChatGPTMac" */ = {
			isa = XCConfigurationList;
			buildConfigurations = (
				B637CA412F5083D4001EA229 /* Debug */,
				B637CA422F5083D4001EA229 /* Release */,
			);
			defaultConfigurationIsVisible = 0;
			defaultConfigurationName = Release;
		};
		B637CA432F5083D4001EA229 /* Build configuration list for PBXNativeTarget "ChatGPTMac" */ = {
			isa = XCConfigurationList;
			buildConfigurations = (
				B637CA442F5083D4001EA229 /* Debug */,
				B637CA452F5083D4001EA229 /* Release */,
			);
			defaultConfigurationIsVisible = 0;
			defaultConfigurationName = Release;
		};
/* End XCConfigurationList section */
	};
	rootObject = B637CA302F5083D2001EA229 /* Project object */;
}
